
Microsoft Visual Studio Solution File, Format Version 12.00
# Visual Studio Version 17
VisualStudioVersion = 17.1.32407.343
MinimumVisualStudioVersion = 10.0.40219.1
Project("{FAE04EC0-301F-11D3-BF4B-00C04F79EFBC}") = "Assenment", "Assenment\Assenment.csproj", "{11A159F8-C0A9-401F-B5C6-EC974FC37661}"
EndProject
Global
	GlobalSection(SolutionConfigurationPlatforms) = preSolution
		Debug|Any CPU = Debug|Any CPU
		Release|Any CPU = Release|Any CPU
	EndGlobalSection
	GlobalSection(ProjectConfigurationPlatforms) = postSolution
		{11A159F8-C0A9-401F-B5C6-EC974FC37661}.Debug|Any CPU.ActiveCfg = Debug|Any CPU
		{11A159F8-C0A9-401F-B5C6-EC974FC37661}.Debug|Any CPU.Build.0 = Debug|Any CPU
		{11A159F8-C0A9-401F-B5C6-EC974FC37661}.Release|Any CPU.ActiveCfg = Release|Any CPU
		{11A159F8-C0A9-401F-B5C6-EC974FC37661}.Release|Any CPU.Build.0 = Release|Any CPU
	EndGlobalSection
	GlobalSection(SolutionProperties) = preSolution
		HideSolutionNode = FALSE
	EndGlobalSection
	GlobalSection(ExtensibilityGlobals) = postSolution
		SolutionGuid = {B809C333-08EF-40E6-B5DF-02B133CB2BE1}
	EndGlobalSection
EndGlobal
